codeberg.org/go-pdf/fpdf v0.11.0 h1:n3I8WISQ1cr0S2rvx9DOlE/GypbcimMWqLpel3slHmY=
codeberg.org/go-pdf/fpdf v0.11.0/go.mod h1:Y0DGRAdZ0OmnZPvjbMp/1bYxmIPxm0ws4tfoPOc4LjU=
github.com/samuel-jimenez/winc v0.1.0 h1:F1ZTClPdpXMmIjFyMBOzmN3Q6riqcxnsph7SjMmPVxk=
github.com/samuel-jimenez/winc v0.1.0/go.mod h1:UCZnhPuvt8LiGl4bfsjtzziRgCUSn7nYEMJotbXpLUQ=
